
Microsoft Visual Studio Solution File, Format Version 12.00
# Visual Studio Version 16
VisualStudioVersion = 16.0.29519.181
MinimumVisualStudioVersion = 10.0.40219.1
Project("{FAE04EC0-301F-11D3-BF4B-00C04F79EFBC}") = "WebApiCore31", "WebApiCore31\WebApiCore31.csproj", "{02763DBF-757B-40AC-8BD5-F1E185450132}"
EndProject
Global
	GlobalSection(SolutionConfigurationPlatforms) = preSolution
		Debug|Any CPU = Debug|Any CPU
		Release|Any CPU = Release|Any CPU
	EndGlobalSection
	GlobalSection(ProjectConfigurationPlatforms) = postSolution
		{02763DBF-757B-40AC-8BD5-F1E185450132}.Debug|Any CPU.ActiveCfg = Debug|Any CPU
		{02763DBF-757B-40AC-8BD5-F1E185450132}.Debug|Any CPU.Build.0 = Debug|Any CPU
		{02763DBF-757B-40AC-8BD5-F1E185450132}.Release|Any CPU.ActiveCfg = Release|Any CPU
		{02763DBF-757B-40AC-8BD5-F1E185450132}.Release|Any CPU.Build.0 = Release|Any CPU
	EndGlobalSection
	GlobalSection(SolutionProperties) = preSolution
		HideSolutionNode = FALSE
	EndGlobalSection
	GlobalSection(ExtensibilityGlobals) = postSolution
		SolutionGuid = {44F719A1-B294-4A56-8505-02C07FD475A1}
	EndGlobalSection
EndGlobal
